
Microsoft Visual Studio Solution File, Format Version 12.00
# Visual Studio Version 16
VisualStudioVersion = 16.0.30804.86
MinimumVisualStudioVersion = 10.0.40219.1
Project("{9A19103F-16F7-4668-BE54-9A1E7A4F7556}") = "Tiny", "Tiny\Tiny.csproj", "{92CFD152-FC97-469D-96C1-B6D16EBF7C73}"
EndProject
Global
	GlobalSection(SolutionConfigurationPlatforms) = preSolution
		Debug|Any CPU = Debug|Any CPU
		Release|Any CPU = Release|Any CPU
	EndGlobalSection
	GlobalSection(ProjectConfigurationPlatforms) = postSolution
		{92CFD152-FC97-469D-96C1-B6D16EBF7C73}.Debug|Any CPU.ActiveCfg = Debug|Any CPU
		{92CFD152-FC97-469D-96C1-B6D16EBF7C73}.Debug|Any CPU.Build.0 = Debug|Any CPU
		{92CFD152-FC97-469D-96C1-B6D16EBF7C73}.Release|Any CPU.ActiveCfg = Release|Any CPU
		{92CFD152-FC97-469D-96C1-B6D16EBF7C73}.Release|Any CPU.Build.0 = Release|Any CPU
	EndGlobalSection
	GlobalSection(SolutionProperties) = preSolution
		HideSolutionNode = FALSE
	EndGlobalSection
	GlobalSection(ExtensibilityGlobals) = postSolution
		SolutionGuid = {65906500-F521-4204-8589-C7A306A1CF5B}
	EndGlobalSection
EndGlobal
